
Microsoft Visual Studio Solution File, Format Version 12.00
# Visual Studio Version 16
VisualStudioVersion = 16.0.30804.86
MinimumVisualStudioVersion = 10.0.40219.1
Project("{FAE04EC0-301F-11D3-BF4B-00C04F79EFBC}") = "Voidcrypt", "Voidcrypt.csproj", "{6A62F311-61E3-492B-A5BA-DECCC7EA36D1}"
EndProject
Global
	GlobalSection(SolutionConfigurationPlatforms) = preSolution
		Debug|Any CPU = Debug|Any CPU
		Release|Any CPU = Release|Any CPU
	EndGlobalSection
	GlobalSection(ProjectConfigurationPlatforms) = postSolution
		{6A62F311-61E3-492B-A5BA-DECCC7EA36D1}.Debug|Any CPU.ActiveCfg = Debug|Any CPU
		{6A62F311-61E3-492B-A5BA-DECCC7EA36D1}.Debug|Any CPU.Build.0 = Debug|Any CPU
		{6A62F311-61E3-492B-A5BA-DECCC7EA36D1}.Release|Any CPU.ActiveCfg = Release|Any CPU
		{6A62F311-61E3-492B-A5BA-DECCC7EA36D1}.Release|Any CPU.Build.0 = Release|Any CPU
	EndGlobalSection
	GlobalSection(SolutionProperties) = preSolution
		HideSolutionNode = FALSE
	EndGlobalSection
	GlobalSection(ExtensibilityGlobals) = postSolution
		SolutionGuid = {D05E220D-0800-4645-A057-D5E86D28E1E0}
	EndGlobalSection
EndGlobal
